
Microsoft Visual Studio Solution File, Format Version 12.00
# Visual Studio Version 17
VisualStudioVersion = 17.7.34024.191
MinimumVisualStudioVersion = 10.0.40219.1
Project("{FAE04EC0-301F-11D3-BF4B-00C04F79EFBC}") = "UnderstandingInheritance", "UnderstandingInheritance.csproj", "{D1D55C60-E624-4129-9DD5-35E94F546D3D}"
EndProject
Global
	GlobalSection(SolutionConfigurationPlatforms) = preSolution
		Debug|Any CPU = Debug|Any CPU
		Release|Any CPU = Release|Any CPU
	EndGlobalSection
	GlobalSection(ProjectConfigurationPlatforms) = postSolution
		{D1D55C60-E624-4129-9DD5-35E94F546D3D}.Debug|Any CPU.ActiveCfg = Debug|Any CPU
		{D1D55C60-E624-4129-9DD5-35E94F546D3D}.Debug|Any CPU.Build.0 = Debug|Any CPU
		{D1D55C60-E624-4129-9DD5-35E94F546D3D}.Release|Any CPU.ActiveCfg = Release|Any CPU
		{D1D55C60-E624-4129-9DD5-35E94F546D3D}.Release|Any CPU.Build.0 = Release|Any CPU
	EndGlobalSection
	GlobalSection(SolutionProperties) = preSolution
		HideSolutionNode = FALSE
	EndGlobalSection
	GlobalSection(ExtensibilityGlobals) = postSolution
		SolutionGuid = {5CDBF667-9007-485A-B76C-0F3FA0CC8BF2}
	EndGlobalSection
EndGlobal
